// !$*UTF8*$!
{
	archiveVersion = 1;
	classes = {
	};
	objectVersion = 46;
	objects = {

/* Begin PBXBuildFile section */
		557C6A371DB57270007ED9CE /* LocationSearchTable.swift in Sources */ = {isa = PBXBuildFile; fileRef = 557C6A361DB57270007ED9CE /* LocationSearchTable.swift */; };
		55EBA3C11DAD611000D4F806 /* AppDelegate.swift in Sources */ = {isa = PBXBuildFile; fileRef = 55EBA3C01DAD611000D4F806 /* AppDelegate.swift */; };
		55EBA3C31DAD611000D4F806 /* FirstViewController.swift in Sources */ = {isa = PBXBuildFile; fileRef = 55EBA3C21DAD611000D4F806 /* FirstViewController.swift */; };
		55EBA3C51DAD611000D4F806 /* SecondViewController.swift in Sources */ = {isa = PBXBuildFile; fileRef = 55EBA3C41DAD611000D4F806 /* SecondViewController.swift */; };
		55EBA3C81DAD611000D4F806 /* Main.storyboard in Resources */ = {isa = PBXBuildFile; fileRef = 55EBA3C61DAD611000D4F806 /* Main.storyboard */; };
		55EBA3CA1DAD611000D4F806 /* Assets.xcassets in Resources */ = {isa = PBXBuildFile; fileRef = 55EBA3C91DAD611000D4F806 /* Assets.xcassets */; };
		55EBA3CD1DAD611000D4F806 /* LaunchScreen.storyboard in Resources */ = {isa = PBXBuildFile; fileRef = 55EBA3CB1DAD611000D4F806 /* LaunchScreen.storyboard */; };
/* End PBXBuildFile section */

/* Begin PBXFileReference section */
		557C6A361DB57270007ED9CE /* LocationSearchTable.swift */ = {isa = PBXFileReference; fileEncoding = 4; lastKnownFileType = sourcecode.swift; path = LocationSearchTable.swift; sourceTree = "<group>"; };
		55EBA3BD1DAD611000D4F806 /* Locus.app */ = {isa = PBXFileReference; explicitFileType = wrapper.application; includeInIndex = 0; path = Locus.app; sourceTree = BUILT_PRODUCTS_DIR; };
		55EBA3C01DAD611000D4F806 /* AppDelegate.swift */ = {isa = PBXFileReference; lastKnownFileType = sourcecode.swift; path = AppDelegate.swift; sourceTree = "<group>"; };
		55EBA3C21DAD611000D4F806 /* FirstViewController.swift */ = {isa = PBXFileReference; lastKnownFileType = sourcecode.swift; path = FirstViewController.swift; sourceTree = "<group>"; };
		55EBA3C41DAD611000D4F806 /* SecondViewController.swift */ = {isa = PBXFileReference; lastKnownFileType = sourcecode.swift; path = SecondViewController.swift; sourceTree = "<group>"; };
		55EBA3C71DAD611000D4F806 /* Base */ = {isa = PBXFileReference; lastKnownFileType = file.storyboard; name = Base; path = Base.lproj/Main.storyboard; sourceTree = "<group>"; };
		55EBA3C91DAD611000D4F806 /* Assets.xcassets */ = {isa = PBXFileReference; lastKnownFileType = folder.assetcatalog; path = Assets.xcassets; sourceTree = "<group>"; };
		55EBA3CC1DAD611000D4F806 /* Base */ = {isa = PBXFileReference; lastKnownFileType = file.storyboard; name = Base; path = Base.lproj/LaunchScreen.storyboard; sourceTree = "<group>"; };
		55EBA3CE1DAD611000D4F806 /* Info.plist */ = {isa = PBXFileReference; lastKnownFileType = text.plist.xml; path = Info.plist; sourceTree = "<group>"; };
/* End PBXFileReference section */

/* Begin PBXFrameworksBuildPhase section */
		55EBA3BA1DAD611000D4F806 /* Frameworks */ = {
			isa = PBXFrameworksBuildPhase;
			buildActionMask = 2147483647;
			files = (
			);
			runOnlyForDeploymentPostprocessing = 0;
		};
/* End PBXFrameworksBuildPhase section */

/* Begin PBXGroup section */
		55EBA3B41DAD611000D4F806 = {
			isa = PBXGroup;
			children = (
				55EBA3BF1DAD611000D4F806 /* Locus */,
				55EBA3BE1DAD611000D4F806 /* Products */,
			);
			sourceTree = "<group>";
		};
		55EBA3BE1DAD611000D4F806 /* Products */ = {
			isa = PBXGroup;
			children = (
				55EBA3BD1DAD611000D4F806 /* Locus.app */,
			);
			name = Products;
			sourceTree = "<group>";
		};
		55EBA3BF1DAD611000D4F806 /* Locus */ = {
			isa = PBXGroup;
			children = (
				557C6A361DB57270007ED9CE /* LocationSearchTable.swift */,
				55EBA3C01DAD611000D4F806 /* AppDelegate.swift */,
				55EBA3C21DAD611000D4F806 /* FirstViewController.swift */,
				55EBA3C41DAD611000D4F806 /* SecondViewController.swift */,
				55EBA3C61DAD611000D4F806 /* Main.storyboard */,
				55EBA3C91DAD611000D4F806 /* Assets.xcassets */,
				55EBA3CB1DAD611000D4F806 /* LaunchScreen.storyboard */,
				55EBA3CE1DAD611000D4F806 /* Info.plist */,
			);
			path = Locus;
			sourceTree = "<group>";
		};
/* End PBXGroup section */

/* Begin PBXNativeTarget section */
		55EBA3BC1DAD611000D4F806 /* Locus */ = {
			isa = PBXNativeTarget;
			buildConfigurationList = 55EBA3D11DAD611000D4F806 /* Build configuration list for PBXNativeTarget "Locus" */;
			buildPhases = (
				55EBA3B91DAD611000D4F806 /* Sources */,
				55EBA3BA1DAD611000D4F806 /* Frameworks */,
				55EBA3BB1DAD611000D4F806 /* Resources */,
			);
			buildRules = (
			);
			dependencies = (
			);
			name = Locus;
			productName = Locus;
			productReference = 55EBA3BD1DAD611000D4F806 /* Locus.app */;
			productType = "com.apple.product-type.application";
		};
/* End PBXNativeTarget section */

/* Begin PBXProject section */
		55EBA3B51DAD611000D4F806 /* Project object */ = {
			isa = PBXProject;
			attributes = {
				LastSwiftUpdateCheck = 0800;
				LastUpgradeCheck = 0800;
				ORGANIZATIONNAME = "Elizabeth Kelly";
				TargetAttributes = {
					55EBA3BC1DAD611000D4F806 = {
						CreatedOnToolsVersion = 8.0;
						DevelopmentTeam = XGRPCUVLML;
						ProvisioningStyle = Automatic;
					};
				};
			};
			buildConfigurationList = 55EBA3B81DAD611000D4F806 /* Build configuration list for PBXProject "Locus" */;
			compatibilityVersion = "Xcode 3.2";
			developmentRegion = English;
			hasScannedForEncodings = 0;
			knownRegions = (
				en,
				Base,
			);
			mainGroup = 55EBA3B41DAD611000D4F806;
			productRefGroup = 55EBA3BE1DAD611000D4F806 /* Products */;
			projectDirPath = "";
			projectRoot = "";
			targets = (
				55EBA3BC1DAD611000D4F806 /* Locus */,
			);
		};
/* End PBXProject section */

/* Begin PBXResourcesBuildPhase section */
		55EBA3BB1DAD611000D4F806 /* Resources */ = {
			isa = PBXResourcesBuildPhase;
			buildActionMask = 2147483647;
			files = (
				55EBA3CD1DAD611000D4F806 /* LaunchScreen.storyboard in Resources */,
				55EBA3CA1DAD611000D4F806 /* Assets.xcassets in Resources */,
				55EBA3C81DAD611000D4F806 /* Main.storyboard in Resources */,
			);
			runOnlyForDeploymentPostprocessing = 0;
		};
/* End PBXResourcesBuildPhase section */

/* Begin PBXSourcesBuildPhase section */
		55EBA3B91DAD611000D4F806 /* Sources */ = {
			isa = PBXSourcesBuildPhase;
			buildActionMask = 2147483647;
			files = (
				55EBA3C51DAD611000D4F806 /* SecondViewController.swift in Sources */,
				55EBA3C11DAD611000D4F806 /* AppDelegate.swift in Sources */,
				55EBA3C31DAD611000D4F806 /* FirstViewController.swift in Sources */,
				557C6A371DB57270007ED9CE /* LocationSearchTable.swift in Sources */,
			);
			runOnlyForDeploymentPostprocessing = 0;
		};
/* End PBXSourcesBuildPhase section */

/* Begin PBXVariantGroup section */
		55EBA3C61DAD611000D4F806 /* Main.storyboard */ = {
			isa = PBXVariantGroup;
			children = (
				55EBA3C71DAD611000D4F806 /* Base */,
			);
			name = Main.storyboard;
			sourceTree = "<group>";
		};
		55EBA3CB1DAD611000D4F806 /* LaunchScreen.storyboard */ = {
			isa = PBXVariantGroup;
			children = (
				55EBA3CC1DAD611000D4F806 /* Base */,
			);
			name = LaunchScreen.storyboard;
			sourceTree = "<group>";
		};
/* End PBXVariantGroup section */

/* Begin XCBuildConfiguration section */
		55EBA3CF1DAD611000D4F806 /* Debug */ = {
			isa = XCBuildConfiguration;
			buildSettings = {
				ALWAYS_SEARCH_USER_PATHS = NO;
				CLANG_ANALYZER_NONNULL = YES;
				CLANG_CXX_LANGUAGE_STANDARD = "gnu++0x";
				CLANG_CXX_LIBRARY = "libc++";
				CLANG_ENABLE_MODULES = YES;
				CLANG_ENABLE_OBJC_ARC = YES;
				CLANG_WARN_BOOL_CONVERSION = YES;
				CLANG_WARN_CONSTANT_CONVERSION = YES;
				CLANG_WARN_DIRECT_OBJC_ISA_USAGE = YES_ERROR;
				CLANG_WARN_DOCUMENTATION_COMMENTS = YES;
				CLANG_WARN_EMPTY_BODY = YES;
				CLANG_WARN_ENUM_CONVERSION = YES;
				CLANG_WARN_INFINITE_RECURSION = YES;
				CLANG_WARN_INT_CONVERSION = YES;
				CLANG_WARN_OBJC_ROOT_CLASS = YES_ERROR;
				CLANG_WARN_SUSPICIOUS_MOVES = YES;
				CLANG_WARN_UNREACHABLE_CODE = YES;
				CLANG_WARN__DUPLICATE_METHOD_MATCH = YES;
				"CODE_SIGN_IDENTITY[sdk=iphoneos*]" = "iPhone Developer";
				COPY_PHASE_STRIP = NO;
				DEBUG_INFORMATION_FORMAT = dwarf;
				ENABLE_STRICT_OBJC_MSGSEND = YES;
				ENABLE_TESTABILITY = YES;
				GCC_C_LANGUAGE_STANDARD = gnu99;
				GCC_DYNAMIC_NO_PIC = NO;
				GCC_NO_COMMON_BLOCKS = YES;
				GCC_OPTIMIZATION_LEVEL = 0;
				GCC_PREPROCESSOR_DEFINITIONS = (
					"DEBUG=1",
					"$(inherited)",
				);
				GCC_WARN_64_TO_32_BIT_CONVERSION = YES;
				GCC_WARN_ABOUT_RETURN_TYPE = YES_ERROR;
				GCC_WARN_UNDECLARED_SELECTOR = YES;
				GCC_WARN_UNINITIALIZED_AUTOS = YES_AGGRESSIVE;
				GCC_WARN_UNUSED_FUNCTION = YES;
				GCC_WARN_UNUSED_VARIABLE = YES;
				IPHONEOS_DEPLOYMENT_TARGET = 10.0;
				MTL_ENABLE_DEBUG_INFO = YES;
				ONLY_ACTIVE_ARCH = YES;
				SDKROOT = iphoneos;
				SWIFT_ACTIVE_COMPILATION_CONDITIONS = DEBUG;
				SWIFT_OPTIMIZATION_LEVEL = "-Onone";
				TARGETED_DEVICE_FAMILY = "1,2";
			};
			name = Debug;
		};
		55EBA3D01DAD611000D4F806 /* Release */ = {
			isa = XCBuildConfiguration;
			buildSettings = {
				ALWAYS_SEARCH_USER_PATHS = NO;
				CLANG_ANALYZER_NONNULL = YES;
				CLANG_CXX_LANGUAGE_STANDARD = "gnu++0x";
				CLANG_CXX_LIBRARY = "libc++";
				CLANG_ENABLE_MODULES = YES;
				CLANG_ENABLE_OBJC_ARC = YES;
				CLANG_WARN_BOOL_CONVERSION = YES;
				CLANG_WARN_CONSTANT_CONVERSION = YES;
				CLANG_WARN_DIRECT_OBJC_ISA_USAGE = YES_ERROR;
				CLANG_WARN_DOCUMENTATION_COMMENTS = YES;
				CLANG_WARN_EMPTY_BODY = YES;
				CLANG_WARN_ENUM_CONVERSION = YES;
				CLANG_WARN_INFINITE_RECURSION = YES;
				CLANG_WARN_INT_CONVERSION = YES;
				CLANG_WARN_OBJC_ROOT_CLASS = YES_ERROR;
				CLANG_WARN_SUSPICIOUS_MOVES = YES;
				CLANG_WARN_UNREACHABLE_CODE = YES;
				CLANG_WARN__DUPLICATE_METHOD_MATCH = YES;
				"CODE_SIGN_IDENTITY[sdk=iphoneos*]" = "iPhone Developer";
				COPY_PHASE_STRIP = NO;
				DEBUG_INFORMATION_FORMAT = "dwarf-with-dsym";
				ENABLE_NS_ASSERTIONS = NO;
				ENABLE_STRICT_OBJC_MSGSEND = YES;
				GCC_C_LANGUAGE_STANDARD = gnu99;
				GCC_NO_COMMON_BLOCKS = YES;
				GCC_WARN_64_TO_32_BIT_CONVERSION = YES;
				GCC_WARN_ABOUT_RETURN_TYPE = YES_ERROR;
				GCC_WARN_UNDECLARED_SELECTOR = YES;
				GCC_WARN_UNINITIALIZED_AUTOS = YES_AGGRESSIVE;
				GCC_WARN_UNUSED_FUNCTION = YES;
				GCC_WARN_UNUSED_VARIABLE = YES;
				IPHONEOS_DEPLOYMENT_TARGET = 10.0;
				MTL_ENABLE_DEBUG_INFO = NO;
				SDKROOT = iphoneos;
				SWIFT_OPTIMIZATION_LEVEL = "-Owholemodule";
				TARGETED_DEVICE_FAMILY = "1,2";
				VALIDATE_PRODUCT = YES;
			};
			name = Release;
		};
		55EBA3D21DAD611000D4F806 /* Debug */ = {
			isa = XCBuildConfiguration;
			buildSettings = {
				ASSETCATALOG_COMPILER_APPICON_NAME = AppIcon;
				DEVELOPMENT_TEAM = XGRPCUVLML;
				INFOPLIST_FILE = Locus/Info.plist;
				LD_RUNPATH_SEARCH_PATHS = "$(inherited) @executable_path/Frameworks";
				PRODUCT_BUNDLE_IDENTIFIER = EK.Locus;
				PRODUCT_NAME = "$(TARGET_NAME)";
				SWIFT_VERSION = 3.0;
			};
			name = Debug;
		};
		55EBA3D31DAD611000D4F806 /* Release */ = {
			isa = XCBuildConfiguration;
			buildSettings = {
				ASSETCATALOG_COMPILER_APPICON_NAME = AppIcon;
				DEVELOPMENT_TEAM = XGRPCUVLML;
				INFOPLIST_FILE = Locus/Info.plist;
				LD_RUNPATH_SEARCH_PATHS = "$(inherited) @executable_path/Frameworks";
				PRODUCT_BUNDLE_IDENTIFIER = EK.Locus;
				PRODUCT_NAME = "$(TARGET_NAME)";
				SWIFT_VERSION = 3.0;
			};
			name = Release;
		};
/* End XCBuildConfiguration section */

/* Begin XCConfigurationList section */
		55EBA3B81DAD611000D4F806 /* Build configuration list for PBXProject "Locus" */ = {
			isa = XCConfigurationList;
			buildConfigurations = (
				55EBA3CF1DAD611000D4F806 /* Debug */,
				55EBA3D01DAD611000D4F806 /* Release */,
			);
			defaultConfigurationIsVisible = 0;
			defaultConfigurationName = Release;
		};
		55EBA3D11DAD611000D4F806 /* Build configuration list for PBXNativeTarget "Locus" */ = {
			isa = XCConfigurationList;
			buildConfigurations = (
				55EBA3D21DAD611000D4F806 /* Debug */,
				55EBA3D31DAD611000D4F806 /* Release */,
			);
			defaultConfigurationIsVisible = 0;
			defaultConfigurationName = Release;
		};
/* End XCConfigurationList section */
	};
	rootObject = 55EBA3B51DAD611000D4F806 /* Project object */;
}
